Microsoft Visual Studio Solution File, Format Version 12.00
# Visual Studio Version 17
VisualStudioVersion = 17.5.2.0
MinimumVisualStudioVersion = 10.0.40219.1
Project("{FAE04EC0-301F-11D3-BF4B-00C04F79EFBC}") = "MyRecipes", "MyRecipes\MyRecipes.csproj", "{B0E76054-A9B3-E31E-7319-12886DF930D8}"
EndProject
Global
	GlobalSection(SolutionConfigurationPlatforms) = preSolution
		Debug|Any CPU = Debug|Any CPU
		Release|Any CPU = Release|Any CPU
	EndGlobalSection
	GlobalSection(ProjectConfigurationPlatforms) = postSolution
		{B0E76054-A9B3-E31E-7319-12886DF930D8}.Debug|Any CPU.ActiveCfg = Debug|Any CPU
		{B0E76054-A9B3-E31E-7319-12886DF930D8}.Debug|Any CPU.Build.0 = Debug|Any CPU
		{B0E76054-A9B3-E31E-7319-12886DF930D8}.Release|Any CPU.ActiveCfg = Release|Any CPU
		{B0E76054-A9B3-E31E-7319-12886DF930D8}.Release|Any CPU.Build.0 = Release|Any CPU
	EndGlobalSection
	GlobalSection(SolutionProperties) = preSolution
		HideSolutionNode = FALSE
	EndGlobalSection
	GlobalSection(ExtensibilityGlobals) = postSolution
		SolutionGuid = {382CD26F-6E8A-4158-8705-5CC42BAAD5B0}
	EndGlobalSection
EndGlobal
